
Microsoft Visual Studio Solution File, Format Version 15.00
# Visual Studio 2017
Project("{FAE04EC0-301F-11D3-BF4B-00C04F79EFBC}") = "mvt-cs", "mvt-cs.csproj", "{8D3AA941-D15B-475C-88D2-1B9160E8A99B}"
EndProject
Global
	GlobalSection(SolutionConfigurationPlatforms) = preSolution
		Debug|Any CPU = Debug|Any CPU
		Release|Any CPU = Release|Any CPU
	EndGlobalSection
	GlobalSection(ProjectConfigurationPlatforms) = postSolution
		{8D3AA941-D15B-475C-88D2-1B9160E8A99B}.Debug|Any CPU.ActiveCfg = Debug|Any CPU
		{8D3AA941-D15B-475C-88D2-1B9160E8A99B}.Debug|Any CPU.Build.0 = Debug|Any CPU
		{8D3AA941-D15B-475C-88D2-1B9160E8A99B}.Release|Any CPU.ActiveCfg = Release|Any CPU
		{8D3AA941-D15B-475C-88D2-1B9160E8A99B}.Release|Any CPU.Build.0 = Release|Any CPU
	EndGlobalSection
EndGlobal
